<?xml version="1.0" encoding="utf-8"?>
<Project ToolsVersion="4.0" xmlns="http://schemas.microsoft.com/developer/msbuild/2003">
  <ItemGroup>
    <Filter Include="Source Files">
      <UniqueIdentifier>{4FC737F1-C7A5-4376-A066-2A32D752A2FF}</UniqueIdentifier>
      <Extensions>cpp;c;cc;cxx;def;odl;idl;hpj;bat;asm;asmx</Extensions>
    </Filter>
    <Filter Include="Header Files">
      <UniqueIdentifier>{93995380-89BD-4b04-88EB-625FBE52EBFB}</UniqueIdentifier>
      <Extensions>h;hh;hpp;hxx;hm;inl;inc;ipp;xsd</Extensions>
    </Filter>
    <Filter Include="Resource Files">
      <UniqueIdentifier>{67DA6AB6-F800-4c08-8B7A-83BB121AAD01}</UniqueIdentifier>
      <Extensions>rc;ico;cur;bmp;dlg;rc2;rct;bin;rgs;gif;jpg;jpeg;jpe;resx;tiff;tif;png;wav;mfcribbon-ms</Extensions>
    </Filter>
  <Filter Include="Header Files\NCComponents">
      <UniqueIdentifier>{d6e09da1-4494-4ce1-85d2-36a15415e846}</UniqueIdentifier>
    </Filter>
    <Filter Include="Source Files\NCComponents">
      <UniqueIdentifier>{9246ea74-0ee9-421b-a359-e16bf7978a53}</UniqueIdentifier>
    </Filter>
  <Filter Include="Header Files\WidgetComponents">
      <UniqueIdentifier>{3979f172-1490-4d52-acb9-fc72ab33cbd5}</UniqueIdentifier>
    </Filter>
    <Filter Include="Source Files\WidgetComponents">
      <UniqueIdentifier>{712e061e-d47e-4e8e-a80f-e11cf0be6622}</UniqueIdentifier>
    </Filter>
  <ItemGroup>
    <ClCompile Include="WinMain.cpp">
      <Filter>Source Files</Filter>
    </ClCompile>
    <ClCompile Include="Widget.cpp">
      <Filter>Source Files</Filter>
    </ClCompile>
  </ItemGroup>
  <ItemGroup>
    <ClInclude Include="basewin.h">
      <Filter>Header Files</Filter>
    </ClInclude>
    <ClInclude Include="Widget.h">
      <Filter>Header Files</Filter>
    </ClInclude>
    <ClInclude Include="WinMain.h">
      <Filter>Header Files</Filter>
    </ClInclude>
    <ClInclude Include="NCComponents\NCButton.h">
      <Filter>Header Files\NCComponents</Filter>
    </ClInclude>
    <ClInclude Include="NCComponents\CloseButton.h">
      <Filter>Header Files\NCComponents</Filter>
    </ClInclude>
    <ClInclude Include="NCComponents\NCTextButton.h">
      <Filter>Header Files\NCComponents</Filter>
    </ClInclude>
    <ClInclude Include="NCComponents\NCCmp.h">
      <Filter>Header Files\NCComponents</Filter>
    </ClInclude>
    <ClInclude Include="NCComponents\MaxButton.h">
      <Filter>Header Files\NCComponents</Filter>
    </ClInclude>
    <ClInclude Include="NCComponents\MinButton.h">
      <Filter>Header Files\NCComponents</Filter>
    </ClInclude>
  </ItemGroup>
</Project>