<?xml version="1.0" encoding="utf-8"?>
<Project ToolsVersion="4.0" xmlns="http://schemas.microsoft.com/developer/msbuild/2003">
  <ItemGroup>
    <ClCompile Include="WidgetComponents\BaseComponent.cpp">
      <Filter>Source Files\WidgetComponents</Filter>
    </ClCompile>
    <ClCompile Include="WidgetComponents\InteractiveComponent.cpp">
      <Filter>Source Files\WidgetComponents</Filter>
    </ClCompile>
    <ClCompile Include="WidgetComponents\ParentComponent.cpp">
      <Filter>Source Files\WidgetComponents</Filter>
    </ClCompile>
    <ClCompile Include="Widget.cpp">
      <Filter>Source Files</Filter>
    </ClCompile>
    <ClCompile Include="WinMain.cpp">
      <Filter>Source Files</Filter>
    </ClCompile>
    <ClCompile Include="NCComponents\CloseButton.cpp">
      <Filter>Source Files\NCComponents</Filter>
    </ClCompile>
    <ClCompile Include="NCComponents\MaxButton.cpp">
      <Filter>Source Files\NCComponents</Filter>
    </ClCompile>
    <ClCompile Include="NCComponents\MinButton.cpp">
      <Filter>Source Files\NCComponents</Filter>
    </ClCompile>
    <ClCompile Include="NCComponents\NCButton.cpp">
      <Filter>Source Files\NCComponents</Filter>
    </ClCompile>
    <ClCompile Include="NCComponents\NCTextButton.cpp">
      <Filter>Source Files\NCComponents</Filter>
    </ClCompile>
    <ClCompile Include="NCComponents\RestoreDownButton.cpp">
      <Filter>Source Files\NCComponents</Filter>
    </ClCompile>
    <ClCompile Include="WidgetComponents\ImageBaseComponent.cpp">
      <Filter>Source Files\WidgetComponents</Filter>
    </ClCompile>
    <ClCompile Include="WidgetComponents\ImageBuffer.cpp">
      <Filter>Source Files\WidgetComponents</Filter>
    </ClCompile>
    <ClCompile Include="WidgetComponents\EmptyButton.cpp">
      <Filter>Source Files\WidgetComponents</Filter>
    </ClCompile>
  </ItemGroup>
  <ItemGroup>
    <ClInclude Include="Widget.h">
      <Filter>Header Files</Filter>
    </ClInclude>
    <ClInclude Include="WinMain.h">
      <Filter>Header Files</Filter>
    </ClInclude>
    <ClInclude Include="basewin.h">
      <Filter>Header Files</Filter>
    </ClInclude>
    <ClInclude Include="WidgetComponents\BaseComponent.h">
      <Filter>Header Files\WidgetComponents</Filter>
    </ClInclude>
    <ClInclude Include="WidgetComponents\WidgetCmp.h">
      <Filter>Header Files\WidgetComponents</Filter>
    </ClInclude>
    <ClInclude Include="WidgetComponents\ParentComponent.h">
      <Filter>Header Files\WidgetComponents</Filter>
    </ClInclude>
    <ClInclude Include="WidgetComponents\InteractiveComponent.h">
      <Filter>Header Files\WidgetComponents</Filter>
    </ClInclude>
    <ClInclude Include="NCComponents\CloseButton.h">
      <Filter>Header Files\NCComponents</Filter>
    </ClInclude>
    <ClInclude Include="NCComponents\MaxButton.h">
      <Filter>Header Files\NCComponents</Filter>
    </ClInclude>
    <ClInclude Include="NCComponents\NCButton.h">
      <Filter>Header Files\NCComponents</Filter>
    </ClInclude>
    <ClInclude Include="NCComponents\NCCmp.h">
      <Filter>Header Files\NCComponents</Filter>
    </ClInclude>
    <ClInclude Include="NCComponents\NCTextButton.h">
      <Filter>Header Files\NCComponents</Filter>
    </ClInclude>
    <ClInclude Include="NCComponents\RestoreDownButton.h">
      <Filter>Header Files\NCComponents</Filter>
    </ClInclude>
    <ClInclude Include="WidgetComponents\ImageBaseComponent.h">
      <Filter>Header Files\WidgetComponents</Filter>
    </ClInclude>
    <ClInclude Include="WidgetComponents\ImageBuffer.h">
      <Filter>Header Files\WidgetComponents</Filter>
    </ClInclude>
    <ClInclude Include="WidgetComponents\Buffer.h">
      <Filter>Header Files\WidgetComponents</Filter>
    </ClInclude>
    <ClInclude Include="WidgetComponents\EmptyButton.h">
      <Filter>Header Files\WidgetComponents</Filter>
    </ClInclude>
  </ItemGroup>
  <ItemGroup>
    <Filter Include="Header Files">
      <UniqueIdentifier>{e0b39fe7-7773-4700-97c3-95e437ca5702}</UniqueIdentifier>
    </Filter>
    <Filter Include="Header Files\NCComponents">
      <UniqueIdentifier>{8ef9c73a-3cd8-449d-bb31-2d6e90d78ff7}</UniqueIdentifier>
    </Filter>
    <Filter Include="Header Files\WidgetComponents">
      <UniqueIdentifier>{5b3037b2-1b49-48cd-9941-711933870c40}</UniqueIdentifier>
    </Filter>
    <Filter Include="Source Files">
      <UniqueIdentifier>{c4724c7c-4a16-4aec-9879-b13e33b61253}</UniqueIdentifier>
    </Filter>
    <Filter Include="Resource Files">
      <UniqueIdentifier>{1bdcd160-2322-461a-a722-9800faecd2ec}</UniqueIdentifier>
    </Filter>
    <Filter Include="Source Files\NCComponents">
      <UniqueIdentifier>{6876db69-6866-4340-8b1c-061936af381f}</UniqueIdentifier>
    </Filter>
    <Filter Include="Source Files\WidgetComponents">
      <UniqueIdentifier>{99c7160e-daee-4892-9063-5b196511d332}</UniqueIdentifier>
    </Filter>
  </ItemGroup>
</Project>