<?xml version="1.0" encoding="utf-8"?>
<Project ToolsVersion="4.0" xmlns="http://schemas.microsoft.com/developer/msbuild/2003">
  <ItemGroup>
    <ClCompile Include="WinMain.cpp">
      <Filter>Source Files</Filter>
    </ClCompile>
    <ClCompile Include="NCComponents\CloseButton.cpp">
      <Filter>Source Files\NCComponents</Filter>
    </ClCompile>
    <ClCompile Include="NCComponents\MaxButton.cpp">
      <Filter>Source Files\NCComponents</Filter>
    </ClCompile>
    <ClCompile Include="NCComponents\MinButton.cpp">
      <Filter>Source Files\NCComponents</Filter>
    </ClCompile>
    <ClCompile Include="NCComponents\NCButton.cpp">
      <Filter>Source Files\NCComponents</Filter>
    </ClCompile>
    <ClCompile Include="NCComponents\NCTextButton.cpp">
      <Filter>Source Files\NCComponents</Filter>
    </ClCompile>
    <ClCompile Include="NCComponents\RestoreDownButton.cpp">
      <Filter>Source Files\NCComponents</Filter>
    </ClCompile>
    <ClCompile Include="Widgets\Container.cpp">
      <Filter>Source Files\Widgets</Filter>
    </ClCompile>
    <ClCompile Include="Widgets\Panel.cpp">
      <Filter>Source Files\Widgets</Filter>
    </ClCompile>
    <ClCompile Include="Widgets\WidgetPanel.cpp">
      <Filter>Source Files\Widgets</Filter>
    </ClCompile>
    <ClCompile Include="Parameters.cpp">
      <Filter>Source Files</Filter>
    </ClCompile>
    <ClCompile Include="Overlays\BaseOverlay.cpp">
      <Filter>Source Files\Overlays</Filter>
    </ClCompile>
    <ClCompile Include="Widgets\WidgetComponents\WBaseComponent.cpp">
      <Filter>Source Files\Widgets\WidgetComponents</Filter>
    </ClCompile>
    <ClCompile Include="Widgets\WidgetComponents\WEmptyButton.cpp">
      <Filter>Source Files\Widgets\WidgetComponents</Filter>
    </ClCompile>
    <ClCompile Include="Widgets\WidgetComponents\WImageBaseComponent.cpp">
      <Filter>Source Files\Widgets\WidgetComponents</Filter>
    </ClCompile>
    <ClCompile Include="Widgets\WidgetComponents\WImageBuffer.cpp">
      <Filter>Source Files\Widgets\WidgetComponents</Filter>
    </ClCompile>
    <ClCompile Include="Widgets\WidgetComponents\WParentComponent.cpp">
      <Filter>Source Files\Widgets\WidgetComponents</Filter>
    </ClCompile>
    <ClCompile Include="Widgets\WidgetComponents\WInteractiveComponent.cpp">
      <Filter>Source Files\Widgets\WidgetComponents</Filter>
    </ClCompile>
    <ClCompile Include="Widgets\WidgetComponents\WResizable.cpp">
      <Filter>Source Files\Widgets\WidgetComponents</Filter>
    </ClCompile>
    <ClCompile Include="Overlays\OverlayComponents\OLBaseComponent.cpp">
      <Filter>Source Files\Overlays\OverlayComponents</Filter>
    </ClCompile>
    <ClCompile Include="Overlays\OverlayComponents\OLTextComponent.cpp">
      <Filter>Source Files\Overlays\OverlayComponents</Filter>
    </ClCompile>
    <ClCompile Include="Overlays\CmpOverlay.cpp">
      <Filter>Source Files\Overlays</Filter>
    </ClCompile>
    <ClCompile Include="Overlays\SolidOverlay.cpp">
      <Filter>Source Files\Overlays</Filter>
    </ClCompile>
    <ClCompile Include="Overlays\OverlayComponents\OLButtonComponent.cpp">
      <Filter>Source Files\Overlays\OverlayComponents</Filter>
    </ClCompile>
    <ClCompile Include="Overlays\SolidCmpOverlay.cpp">
      <Filter>Source Files\Overlays</Filter>
    </ClCompile>
    <ClCompile Include="GRAPHICSTRUCT.cpp">
      <Filter>Source Files</Filter>
    </ClCompile>
    <ClCompile Include="Overlays\OverlayComponents\OLInteractiveComponent.cpp">
      <Filter>Source Files\Overlays\OverlayComponents</Filter>
    </ClCompile>
    <ClCompile Include="Overlays\FileMenu.cpp">
      <Filter>Source Files\Overlays</Filter>
    </ClCompile>
    <ClCompile Include="Overlays\DropDownOverlay.cpp">
      <Filter>Source Files\Overlays</Filter>
    </ClCompile>
    <ClCompile Include="Overlays\MsgOverlay.cpp">
      <Filter>Source Files\Overlays</Filter>
    </ClCompile>
  </ItemGroup>
  <ItemGroup>
    <ClInclude Include="WinMain.h">
      <Filter>Header Files</Filter>
    </ClInclude>
    <ClInclude Include="NCComponents\CloseButton.h">
      <Filter>Header Files\NCComponents</Filter>
    </ClInclude>
    <ClInclude Include="NCComponents\MaxButton.h">
      <Filter>Header Files\NCComponents</Filter>
    </ClInclude>
    <ClInclude Include="NCComponents\NCButton.h">
      <Filter>Header Files\NCComponents</Filter>
    </ClInclude>
    <ClInclude Include="NCComponents\NCTextButton.h">
      <Filter>Header Files\NCComponents</Filter>
    </ClInclude>
    <ClInclude Include="NCComponents\RestoreDownButton.h">
      <Filter>Header Files\NCComponents</Filter>
    </ClInclude>
    <ClInclude Include="Parameters.h">
      <Filter>Header Files</Filter>
    </ClInclude>
    <ClInclude Include="Widgets\Container.h">
      <Filter>Header Files\Widgets</Filter>
    </ClInclude>
    <ClInclude Include="Widgets\Panel.h">
      <Filter>Header Files\Widgets</Filter>
    </ClInclude>
    <ClInclude Include="Widgets\WidgetComponents.h">
      <Filter>Header Files\Widgets</Filter>
    </ClInclude>
    <ClInclude Include="Widgets.h">
      <Filter>Header Files</Filter>
    </ClInclude>
    <ClInclude Include="Widgets\WidgetPanel.h">
      <Filter>Header Files\Widgets</Filter>
    </ClInclude>
    <ClInclude Include="NCComponents.h">
      <Filter>Header Files</Filter>
    </ClInclude>
    <ClInclude Include="NCComponents\MinButton.h">
      <Filter>Header Files\NCComponents</Filter>
    </ClInclude>
    <ClInclude Include="Overlays\BaseOverlay.h">
      <Filter>Header Files\Overlays</Filter>
    </ClInclude>
    <ClInclude Include="Overlays.h">
      <Filter>Header Files</Filter>
    </ClInclude>
    <ClInclude Include="Overlays\OverlayComponents.h">
      <Filter>Header Files\Overlays</Filter>
    </ClInclude>
    <ClInclude Include="basewin.h">
      <Filter>Header Files</Filter>
    </ClInclude>
    <ClInclude Include="Overlays\OverlayComponents\OLBaseComponent.h">
      <Filter>Header Files\Overlays\OverlayComponents</Filter>
    </ClInclude>
    <ClInclude Include="Overlays\OverlayComponents\OLTextComponent.h">
      <Filter>Header Files\Overlays\OverlayComponents</Filter>
    </ClInclude>
    <ClInclude Include="Widgets\WidgetComponents\WBaseComponent.h">
      <Filter>Header Files\Widgets\WidgetComponents</Filter>
    </ClInclude>
    <ClInclude Include="Widgets\WidgetComponents\WEmptyButton.h">
      <Filter>Header Files\Widgets\WidgetComponents</Filter>
    </ClInclude>
    <ClInclude Include="Widgets\WidgetComponents\WImageBaseComponent.h">
      <Filter>Header Files\Widgets\WidgetComponents</Filter>
    </ClInclude>
    <ClInclude Include="Widgets\WidgetComponents\WImageBuffer.h">
      <Filter>Header Files\Widgets\WidgetComponents</Filter>
    </ClInclude>
    <ClInclude Include="Widgets\WidgetComponents\WInteractiveComponent.h">
      <Filter>Header Files\Widgets\WidgetComponents</Filter>
    </ClInclude>
    <ClInclude Include="Widgets\WidgetComponents\WParentComponent.h">
      <Filter>Header Files\Widgets\WidgetComponents</Filter>
    </ClInclude>
    <ClInclude Include="Widgets\WidgetComponents\WResizable.h">
      <Filter>Header Files\Widgets\WidgetComponents</Filter>
    </ClInclude>
    <ClInclude Include="Widgets\WidgetComponents\WBuffer.h">
      <Filter>Header Files\Widgets\WidgetComponents</Filter>
    </ClInclude>
    <ClInclude Include="Overlays\CmpOverlay.h">
      <Filter>Header Files\Overlays</Filter>
    </ClInclude>
    <ClInclude Include="Overlays\SolidOverlay.h">
      <Filter>Header Files\Overlays</Filter>
    </ClInclude>
    <ClInclude Include="Overlays\OverlayComponents\OLButtonComponent.h">
      <Filter>Header Files\Overlays\OverlayComponents</Filter>
    </ClInclude>
    <ClInclude Include="Overlays\SolidCmpOverlay.h">
      <Filter>Header Files\Overlays</Filter>
    </ClInclude>
    <ClInclude Include="GRAPHICSTRUCT.h">
      <Filter>Header Files</Filter>
    </ClInclude>
    <ClInclude Include="Overlays\OverlayComponents\OLInteractiveComponent.h">
      <Filter>Header Files\Overlays\OverlayComponents</Filter>
    </ClInclude>
    <ClInclude Include="Overlays\FileMenu.h">
      <Filter>Header Files\Overlays</Filter>
    </ClInclude>
    <ClInclude Include="Overlays\DropDownOverlay.h">
      <Filter>Header Files\Overlays</Filter>
    </ClInclude>
    <ClInclude Include="Overlays\MsgOverlay.h">
      <Filter>Header Files\Overlays</Filter>
    </ClInclude>
  </ItemGroup>
  <ItemGroup>
    <Filter Include="Header Files">
      <UniqueIdentifier>{e0b39fe7-7773-4700-97c3-95e437ca5702}</UniqueIdentifier>
    </Filter>
    <Filter Include="Header Files\NCComponents">
      <UniqueIdentifier>{8ef9c73a-3cd8-449d-bb31-2d6e90d78ff7}</UniqueIdentifier>
    </Filter>
    <Filter Include="Source Files">
      <UniqueIdentifier>{c4724c7c-4a16-4aec-9879-b13e33b61253}</UniqueIdentifier>
    </Filter>
    <Filter Include="Resource Files">
      <UniqueIdentifier>{1bdcd160-2322-461a-a722-9800faecd2ec}</UniqueIdentifier>
    </Filter>
    <Filter Include="Source Files\NCComponents">
      <UniqueIdentifier>{6876db69-6866-4340-8b1c-061936af381f}</UniqueIdentifier>
    </Filter>
    <Filter Include="Source Files\Widgets">
      <UniqueIdentifier>{567000bf-f807-4601-aaed-a5ab2985198a}</UniqueIdentifier>
    </Filter>
    <Filter Include="Source Files\Widgets\WidgetComponents">
      <UniqueIdentifier>{864f4fe7-9b9e-4afd-a34f-fed212ec0057}</UniqueIdentifier>
    </Filter>
    <Filter Include="Header Files\Widgets">
      <UniqueIdentifier>{7650d751-0052-4963-8607-c9e46f46268e}</UniqueIdentifier>
    </Filter>
    <Filter Include="Header Files\Widgets\WidgetComponents">
      <UniqueIdentifier>{f86713cc-b043-4450-a66d-1c159df993c7}</UniqueIdentifier>
    </Filter>
    <Filter Include="Source Files\Overlays">
      <UniqueIdentifier>{39d15706-4a26-4bed-ae96-9c145f25a826}</UniqueIdentifier>
    </Filter>
    <Filter Include="Header Files\Overlays">
      <UniqueIdentifier>{325ef4e5-34bc-4de3-ba1a-22dec3c097f7}</UniqueIdentifier>
    </Filter>
    <Filter Include="Header Files\Overlays\OverlayComponents">
      <UniqueIdentifier>{239592d5-9bf8-4608-ba74-1a5b0cb44284}</UniqueIdentifier>
    </Filter>
    <Filter Include="Source Files\Overlays\OverlayComponents">
      <UniqueIdentifier>{348bc588-1fb7-4282-be82-422a18709288}</UniqueIdentifier>
    </Filter>
  </ItemGroup>
</Project>