<?xml version="1.0" encoding="utf-8"?>
<Project ToolsVersion="4.0" xmlns="http://schemas.microsoft.com/developer/msbuild/2003">
  <ItemGroup>
    <ClCompile Include="WinMain.cpp">
      <Filter>Source Files</Filter>
    </ClCompile>
    <ClCompile Include="NCComponents\CloseButton.cpp">
      <Filter>Source Files\NCComponents</Filter>
    </ClCompile>
    <ClCompile Include="NCComponents\MaxButton.cpp">
      <Filter>Source Files\NCComponents</Filter>
    </ClCompile>
    <ClCompile Include="NCComponents\MinButton.cpp">
      <Filter>Source Files\NCComponents</Filter>
    </ClCompile>
    <ClCompile Include="NCComponents\NCButton.cpp">
      <Filter>Source Files\NCComponents</Filter>
    </ClCompile>
    <ClCompile Include="NCComponents\NCTextButton.cpp">
      <Filter>Source Files\NCComponents</Filter>
    </ClCompile>
    <ClCompile Include="NCComponents\RestoreDownButton.cpp">
      <Filter>Source Files\NCComponents</Filter>
    </ClCompile>
    <ClCompile Include="Widgets\Container.cpp">
      <Filter>Source Files\Widgets</Filter>
    </ClCompile>
    <ClCompile Include="Widgets\Panel.cpp">
      <Filter>Source Files\Widgets</Filter>
    </ClCompile>
    <ClCompile Include="Widgets\WidgetComponents\BaseComponent.cpp">
      <Filter>Source Files\Widgets\WidgetComponents</Filter>
    </ClCompile>
    <ClCompile Include="Widgets\WidgetComponents\EmptyButton.cpp">
      <Filter>Source Files\Widgets\WidgetComponents</Filter>
    </ClCompile>
    <ClCompile Include="Widgets\WidgetComponents\ImageBaseComponent.cpp">
      <Filter>Source Files\Widgets\WidgetComponents</Filter>
    </ClCompile>
    <ClCompile Include="Widgets\WidgetComponents\ImageBuffer.cpp">
      <Filter>Source Files\Widgets\WidgetComponents</Filter>
    </ClCompile>
    <ClCompile Include="Widgets\WidgetComponents\InteractiveComponent.cpp">
      <Filter>Source Files\Widgets\WidgetComponents</Filter>
    </ClCompile>
    <ClCompile Include="Widgets\WidgetComponents\ParentComponent.cpp">
      <Filter>Source Files\Widgets\WidgetComponents</Filter>
    </ClCompile>
    <ClCompile Include="Widgets\WidgetComponents\Resizable.cpp">
      <Filter>Source Files\Widgets\WidgetComponents</Filter>
    </ClCompile>
    <ClCompile Include="Widgets\WidgetPanel.cpp">
      <Filter>Source Files\Widgets</Filter>
    </ClCompile>
    <ClCompile Include="Parameters.cpp">
      <Filter>Source Files</Filter>
    </ClCompile>
    <ClCompile Include="Overlays\BaseOverlay.cpp">
      <Filter>Source Files\Overlays</Filter>
    </ClCompile>
    <ClCompile Include="Overlays\OverlayComponents\BaseComponent.cpp">
      <Filter>Source Files\Overlays\OverlayComponents</Filter>
    </ClCompile>
    <ClCompile Include="core\Managers\StreamManager.cpp">
      <Filter>Source Files\core\Managers</Filter>
    </ClCompile>
    <ClCompile Include="core\Managers\DataManager.cpp">
      <Filter>Source Files\core\Managers</Filter>
    </ClCompile>
    <ClCompile Include="core\Managers\UserManager.cpp">
      <Filter>Source Files\core\Managers</Filter>
    </ClCompile>
    <ClCompile Include="core\Managers\JobManager.cpp">
      <Filter>Source Files\core\Managers</Filter>
    </ClCompile>
    <ClCompile Include="core\Managers\PipelineManager.cpp">
      <Filter>Source Files\core\Managers</Filter>
    </ClCompile>
    <ClCompile Include="core\Managers\ModelManager.cpp">
      <Filter>Source Files\core\Managers</Filter>
    </ClCompile>
    <ClCompile Include="core\Managers\SalienceManager.cpp">
      <Filter>Source Files\core\Managers</Filter>
    </ClCompile>
  </ItemGroup>
  <ItemGroup>
    <ClInclude Include="WinMain.h">
      <Filter>Header Files</Filter>
    </ClInclude>
    <ClInclude Include="NCComponents\CloseButton.h">
      <Filter>Header Files\NCComponents</Filter>
    </ClInclude>
    <ClInclude Include="NCComponents\MaxButton.h">
      <Filter>Header Files\NCComponents</Filter>
    </ClInclude>
    <ClInclude Include="NCComponents\NCButton.h">
      <Filter>Header Files\NCComponents</Filter>
    </ClInclude>
    <ClInclude Include="NCComponents\NCTextButton.h">
      <Filter>Header Files\NCComponents</Filter>
    </ClInclude>
    <ClInclude Include="NCComponents\RestoreDownButton.h">
      <Filter>Header Files\NCComponents</Filter>
    </ClInclude>
    <ClInclude Include="Parameters.h">
      <Filter>Header Files</Filter>
    </ClInclude>
    <ClInclude Include="Widgets\Container.h">
      <Filter>Header Files\Widgets</Filter>
    </ClInclude>
    <ClInclude Include="Widgets\Panel.h">
      <Filter>Header Files\Widgets</Filter>
    </ClInclude>
    <ClInclude Include="Widgets\WidgetComponents.h">
      <Filter>Header Files\Widgets</Filter>
    </ClInclude>
    <ClInclude Include="Widgets\WidgetComponents\BaseComponent.h">
      <Filter>Header Files\Widgets\WidgetComponents</Filter>
    </ClInclude>
    <ClInclude Include="Widgets\WidgetComponents\Buffer.h">
      <Filter>Header Files\Widgets\WidgetComponents</Filter>
    </ClInclude>
    <ClInclude Include="Widgets\WidgetComponents\EmptyButton.h">
      <Filter>Header Files\Widgets\WidgetComponents</Filter>
    </ClInclude>
    <ClInclude Include="Widgets\WidgetComponents\ImageBaseComponent.h">
      <Filter>Header Files\Widgets\WidgetComponents</Filter>
    </ClInclude>
    <ClInclude Include="Widgets\WidgetComponents\ImageBuffer.h">
      <Filter>Header Files\Widgets\WidgetComponents</Filter>
    </ClInclude>
    <ClInclude Include="Widgets\WidgetComponents\InteractiveComponent.h">
      <Filter>Header Files\Widgets\WidgetComponents</Filter>
    </ClInclude>
    <ClInclude Include="Widgets\WidgetComponents\ParentComponent.h">
      <Filter>Header Files\Widgets\WidgetComponents</Filter>
    </ClInclude>
    <ClInclude Include="Widgets\WidgetComponents\Resizable.h">
      <Filter>Header Files\Widgets\WidgetComponents</Filter>
    </ClInclude>
    <ClInclude Include="Widgets.h">
      <Filter>Header Files</Filter>
    </ClInclude>
    <ClInclude Include="Widgets\WidgetPanel.h">
      <Filter>Header Files\Widgets</Filter>
    </ClInclude>
    <ClInclude Include="NCComponents.h">
      <Filter>Header Files</Filter>
    </ClInclude>
    <ClInclude Include="NCComponents\MinButton.h">
      <Filter>Header Files\NCComponents</Filter>
    </ClInclude>
    <ClInclude Include="basewin.h">
      <Filter>Header Files\Widgets</Filter>
    </ClInclude>
    <ClInclude Include="Overlays\BaseOverlay.h">
      <Filter>Header Files\Overlays</Filter>
    </ClInclude>
    <ClInclude Include="Overlays.h">
      <Filter>Header Files</Filter>
    </ClInclude>
    <ClInclude Include="Overlays\OverlayComponents\BaseComponent.h">
      <Filter>Header Files\Overlays\OverlayComponents</Filter>
    </ClInclude>
    <ClInclude Include="Overlays\OverlayComponents.h">
      <Filter>Header Files\Overlays</Filter>
    </ClInclude>
    <ClInclude Include="Network.h">
      <Filter>Header Files</Filter>
    </ClInclude>
    <ClInclude Include="core\IManager.h">
      <Filter>Header Files\core</Filter>
    </ClInclude>
    <ClInclude Include="core\IRequest.h">
      <Filter>Header Files\core</Filter>
    </ClInclude>
    <ClInclude Include="core\IResponse.h">
      <Filter>Header Files\core</Filter>
    </ClInclude>
    <ClInclude Include="core\Managers\DataManager.h">
      <Filter>Header Files\core\Managers</Filter>
    </ClInclude>
    <ClInclude Include="core\Managers\UserManager.h">
      <Filter>Header Files\core\Managers</Filter>
    </ClInclude>
    <ClInclude Include="core\Managers\StreamManager.h">
      <Filter>Header Files\core\Managers</Filter>
    </ClInclude>
    <ClInclude Include="core\Managers\JobManager.h">
      <Filter>Header Files\core\Managers</Filter>
    </ClInclude>
    <ClInclude Include="core\Managers\PipelineManager.h">
      <Filter>Header Files\core\Managers</Filter>
    </ClInclude>
    <ClInclude Include="core\Managers\ModelManager.h">
      <Filter>Header Files\core\Managers</Filter>
    </ClInclude>
    <ClInclude Include="core\Managers\SalienceManager.h">
      <Filter>Header Files\core\Managers</Filter>
    </ClInclude>
    <ClInclude Include="core\Data\DataElement.h">
      <Filter>Header Files\core\Data</Filter>
    </ClInclude>
  </ItemGroup>
  <ItemGroup>
    <Filter Include="Header Files">
      <UniqueIdentifier>{e0b39fe7-7773-4700-97c3-95e437ca5702}</UniqueIdentifier>
    </Filter>
    <Filter Include="Header Files\NCComponents">
      <UniqueIdentifier>{8ef9c73a-3cd8-449d-bb31-2d6e90d78ff7}</UniqueIdentifier>
    </Filter>
    <Filter Include="Source Files">
      <UniqueIdentifier>{c4724c7c-4a16-4aec-9879-b13e33b61253}</UniqueIdentifier>
    </Filter>
    <Filter Include="Resource Files">
      <UniqueIdentifier>{1bdcd160-2322-461a-a722-9800faecd2ec}</UniqueIdentifier>
    </Filter>
    <Filter Include="Source Files\NCComponents">
      <UniqueIdentifier>{6876db69-6866-4340-8b1c-061936af381f}</UniqueIdentifier>
    </Filter>
    <Filter Include="Source Files\Widgets">
      <UniqueIdentifier>{567000bf-f807-4601-aaed-a5ab2985198a}</UniqueIdentifier>
    </Filter>
    <Filter Include="Source Files\Widgets\WidgetComponents">
      <UniqueIdentifier>{864f4fe7-9b9e-4afd-a34f-fed212ec0057}</UniqueIdentifier>
    </Filter>
    <Filter Include="Header Files\Widgets">
      <UniqueIdentifier>{7650d751-0052-4963-8607-c9e46f46268e}</UniqueIdentifier>
    </Filter>
    <Filter Include="Header Files\Widgets\WidgetComponents">
      <UniqueIdentifier>{f86713cc-b043-4450-a66d-1c159df993c7}</UniqueIdentifier>
    </Filter>
    <Filter Include="Source Files\Overlays">
      <UniqueIdentifier>{39d15706-4a26-4bed-ae96-9c145f25a826}</UniqueIdentifier>
    </Filter>
    <Filter Include="Header Files\Overlays">
      <UniqueIdentifier>{325ef4e5-34bc-4de3-ba1a-22dec3c097f7}</UniqueIdentifier>
    </Filter>
    <Filter Include="Header Files\Overlays\OverlayComponents">
      <UniqueIdentifier>{239592d5-9bf8-4608-ba74-1a5b0cb44284}</UniqueIdentifier>
    </Filter>
    <Filter Include="Source Files\Overlays\OverlayComponents">
      <UniqueIdentifier>{348bc588-1fb7-4282-be82-422a18709288}</UniqueIdentifier>
    </Filter>
    <Filter Include="Header Files\core">
      <UniqueIdentifier>{69bde06f-829d-4376-b3b7-8196e2ff6dd3}</UniqueIdentifier>
    </Filter>
    <Filter Include="Source Files\core">
      <UniqueIdentifier>{8ff200b4-a9ef-4aff-ab3e-7ab246b0e276}</UniqueIdentifier>
    </Filter>
    <Filter Include="Header Files\core\Managers">
      <UniqueIdentifier>{a89c5705-7cbd-435a-973d-442cfbc1247d}</UniqueIdentifier>
    </Filter>
    <Filter Include="Header Files\core\Requests">
      <UniqueIdentifier>{dc5a9aa3-0185-4e17-b74c-1f79a588e7e8}</UniqueIdentifier>
    </Filter>
    <Filter Include="Header Files\core\Responses">
      <UniqueIdentifier>{94670ee5-2e1a-42ec-b4c0-ec106ac97c92}</UniqueIdentifier>
    </Filter>
    <Filter Include="Source Files\core\Managers">
      <UniqueIdentifier>{0f145d76-8540-415f-a407-99e65c4def07}</UniqueIdentifier>
    </Filter>
    <Filter Include="Source Files\core\Responses">
      <UniqueIdentifier>{b762f0cc-6c8b-4cd8-a44d-005cc2d712d6}</UniqueIdentifier>
    </Filter>
    <Filter Include="Source Files\core\Requests">
      <UniqueIdentifier>{68df7319-0c87-4baf-bc4a-4f0ce97de3fa}</UniqueIdentifier>
    </Filter>
    <Filter Include="Source Files\core\Data">
      <UniqueIdentifier>{521a81cb-cab3-43c4-a465-749c3ebf176b}</UniqueIdentifier>
    </Filter>
    <Filter Include="Header Files\core\Data">
      <UniqueIdentifier>{a51f353d-c8de-45f5-a0b1-cf593925f9a5}</UniqueIdentifier>
    </Filter>
    <Filter Include="Header Files\core\Jobs">
      <UniqueIdentifier>{a19ae695-222e-4e31-8fd7-1c65db560ea5}</UniqueIdentifier>
    </Filter>
    <Filter Include="Header Files\core\Models">
      <UniqueIdentifier>{e7c10051-945f-4c25-883d-7ecaeeceb140}</UniqueIdentifier>
    </Filter>
    <Filter Include="Header Files\core\Pipelines">
      <UniqueIdentifier>{13f7612c-c02f-4521-8f96-7d77b4577a7c}</UniqueIdentifier>
    </Filter>
    <Filter Include="Header Files\core\Salience">
      <UniqueIdentifier>{ab4e5b7b-f2ce-463c-a292-de5286981c60}</UniqueIdentifier>
    </Filter>
    <Filter Include="Header Files\core\Streams">
      <UniqueIdentifier>{620a5416-5511-4236-8c37-0221c9e42af0}</UniqueIdentifier>
    </Filter>
    <Filter Include="Header Files\core\Users">
      <UniqueIdentifier>{c1b39805-c63e-466d-ba19-a5e0d091d0a9}</UniqueIdentifier>
    </Filter>
    <Filter Include="Source Files\core\Jobs">
      <UniqueIdentifier>{396a1d31-ebb1-4e07-a11e-3729df5961bc}</UniqueIdentifier>
    </Filter>
    <Filter Include="Source Files\core\Models">
      <UniqueIdentifier>{757d2ef8-9bdf-4143-9aa0-f514d88d66e4}</UniqueIdentifier>
    </Filter>
    <Filter Include="Source Files\core\Users">
      <UniqueIdentifier>{13206da2-34b7-4b43-a131-fb30594e8950}</UniqueIdentifier>
    </Filter>
    <Filter Include="Source Files\core\Streams">
      <UniqueIdentifier>{da42d9ce-cc8c-4856-97a0-25a1e491333b}</UniqueIdentifier>
    </Filter>
    <Filter Include="Source Files\core\Salience">
      <UniqueIdentifier>{fd60b9d8-b469-4e1a-a92f-855d90e358a5}</UniqueIdentifier>
    </Filter>
    <Filter Include="Source Files\core\Pipelines">
      <UniqueIdentifier>{6c82f408-54c1-49a3-b2ea-153dc188453c}</UniqueIdentifier>
    </Filter>
  </ItemGroup>
</Project>